
Microsoft Visual Studio Solution File, Format Version 12.00
# Visual Studio 2012
Project("{FAE04EC0-301F-11D3-BF4B-00C04F79EFBC}") = "Pattrens", "Pattrens.csproj", "{AE5A7FDE-B389-4ACC-99B5-FFF18D42ECEC}"
EndProject
Global
	GlobalSection(SolutionConfigurationPlatforms) = preSolution
		Debug|Any CPU = Debug|Any CPU
		Release|Any CPU = Release|Any CPU
	EndGlobalSection
	GlobalSection(ProjectConfigurationPlatforms) = postSolution
		{AE5A7FDE-B389-4ACC-99B5-FFF18D42ECEC}.Debug|Any CPU.ActiveCfg = Debug|Any CPU
		{AE5A7FDE-B389-4ACC-99B5-FFF18D42ECEC}.Debug|Any CPU.Build.0 = Debug|Any CPU
		{AE5A7FDE-B389-4ACC-99B5-FFF18D42ECEC}.Release|Any CPU.ActiveCfg = Release|Any CPU
		{AE5A7FDE-B389-4ACC-99B5-FFF18D42ECEC}.Release|Any CPU.Build.0 = Release|Any CPU
	EndGlobalSection
	GlobalSection(SolutionProperties) = preSolution
		HideSolutionNode = FALSE
	EndGlobalSection
EndGlobal
