
Microsoft Visual Studio Solution File, Format Version 12.00
# Visual Studio 2012
Project("{FAE04EC0-301F-11D3-BF4B-00C04F79EFBC}") = "Sum of n num", "Sum of n num\Sum of n num.csproj", "{FCC5D232-1D03-46CF-A340-3DE9081A7D73}"
EndProject
Global
	GlobalSection(SolutionConfigurationPlatforms) = preSolution
		Debug|Any CPU = Debug|Any CPU
		Release|Any CPU = Release|Any CPU
	EndGlobalSection
	GlobalSection(ProjectConfigurationPlatforms) = postSolution
		{FCC5D232-1D03-46CF-A340-3DE9081A7D73}.Debug|Any CPU.ActiveCfg = Debug|Any CPU
		{FCC5D232-1D03-46CF-A340-3DE9081A7D73}.Debug|Any CPU.Build.0 = Debug|Any CPU
		{FCC5D232-1D03-46CF-A340-3DE9081A7D73}.Release|Any CPU.ActiveCfg = Release|Any CPU
		{FCC5D232-1D03-46CF-A340-3DE9081A7D73}.Release|Any CPU.Build.0 = Release|Any CPU
	EndGlobalSection
	GlobalSection(SolutionProperties) = preSolution
		HideSolutionNode = FALSE
	EndGlobalSection
EndGlobal
