
Microsoft Visual Studio Solution File, Format Version 12.00
# Visual Studio 2012
Project("{FAE04EC0-301F-11D3-BF4B-00C04F79EFBC}") = "A5(q1)", "A5(q1)\A5(q1).csproj", "{B9382970-5167-4924-A5A7-A71DF5E6360C}"
EndProject
Global
	GlobalSection(SolutionConfigurationPlatforms) = preSolution
		Debug|Any CPU = Debug|Any CPU
		Release|Any CPU = Release|Any CPU
	EndGlobalSection
	GlobalSection(ProjectConfigurationPlatforms) = postSolution
		{B9382970-5167-4924-A5A7-A71DF5E6360C}.Debug|Any CPU.ActiveCfg = Debug|Any CPU
		{B9382970-5167-4924-A5A7-A71DF5E6360C}.Debug|Any CPU.Build.0 = Debug|Any CPU
		{B9382970-5167-4924-A5A7-A71DF5E6360C}.Release|Any CPU.ActiveCfg = Release|Any CPU
		{B9382970-5167-4924-A5A7-A71DF5E6360C}.Release|Any CPU.Build.0 = Release|Any CPU
	EndGlobalSection
	GlobalSection(SolutionProperties) = preSolution
		HideSolutionNode = FALSE
	EndGlobalSection
EndGlobal
