
Microsoft Visual Studio Solution File, Format Version 12.00
# Visual Studio 2012
Project("{FAE04EC0-301F-11D3-BF4B-00C04F79EFBC}") = "Tax calculation (using if-else)", "Tax calculation (using if-else)\Tax calculation (using if-else).csproj", "{C02B18F7-C6D5-44F1-AD87-6F20D89A7B94}"
EndProject
Global
	GlobalSection(SolutionConfigurationPlatforms) = preSolution
		Debug|Any CPU = Debug|Any CPU
		Release|Any CPU = Release|Any CPU
	EndGlobalSection
	GlobalSection(ProjectConfigurationPlatforms) = postSolution
		{C02B18F7-C6D5-44F1-AD87-6F20D89A7B94}.Debug|Any CPU.ActiveCfg = Debug|Any CPU
		{C02B18F7-C6D5-44F1-AD87-6F20D89A7B94}.Debug|Any CPU.Build.0 = Debug|Any CPU
		{C02B18F7-C6D5-44F1-AD87-6F20D89A7B94}.Release|Any CPU.ActiveCfg = Release|Any CPU
		{C02B18F7-C6D5-44F1-AD87-6F20D89A7B94}.Release|Any CPU.Build.0 = Release|Any CPU
	EndGlobalSection
	GlobalSection(SolutionProperties) = preSolution
		HideSolutionNode = FALSE
	EndGlobalSection
EndGlobal
