
Microsoft Visual Studio Solution File, Format Version 12.00
# Visual Studio 2012
Project("{FAE04EC0-301F-11D3-BF4B-00C04F79EFBC}") = "simleReverse program", "simleReverse program\simleReverse program.csproj", "{37D78348-6642-433C-B307-686E07F4C0AF}"
EndProject
Global
	GlobalSection(SolutionConfigurationPlatforms) = preSolution
		Debug|Any CPU = Debug|Any CPU
		Release|Any CPU = Release|Any CPU
	EndGlobalSection
	GlobalSection(ProjectConfigurationPlatforms) = postSolution
		{37D78348-6642-433C-B307-686E07F4C0AF}.Debug|Any CPU.ActiveCfg = Debug|Any CPU
		{37D78348-6642-433C-B307-686E07F4C0AF}.Debug|Any CPU.Build.0 = Debug|Any CPU
		{37D78348-6642-433C-B307-686E07F4C0AF}.Release|Any CPU.ActiveCfg = Release|Any CPU
		{37D78348-6642-433C-B307-686E07F4C0AF}.Release|Any CPU.Build.0 = Release|Any CPU
	EndGlobalSection
	GlobalSection(SolutionProperties) = preSolution
		HideSolutionNode = FALSE
	EndGlobalSection
EndGlobal
