
Microsoft Visual Studio Solution File, Format Version 12.00
# Visual Studio 2012
Project("{FAE04EC0-301F-11D3-BF4B-00C04F79EFBC}") = "Lucky number", "Lucky number\Lucky number.csproj", "{0FE6F4DA-C8E8-4AAC-9A26-5F8AF435715D}"
EndProject
Global
	GlobalSection(SolutionConfigurationPlatforms) = preSolution
		Debug|Any CPU = Debug|Any CPU
		Release|Any CPU = Release|Any CPU
	EndGlobalSection
	GlobalSection(ProjectConfigurationPlatforms) = postSolution
		{0FE6F4DA-C8E8-4AAC-9A26-5F8AF435715D}.Debug|Any CPU.ActiveCfg = Debug|Any CPU
		{0FE6F4DA-C8E8-4AAC-9A26-5F8AF435715D}.Debug|Any CPU.Build.0 = Debug|Any CPU
		{0FE6F4DA-C8E8-4AAC-9A26-5F8AF435715D}.Release|Any CPU.ActiveCfg = Release|Any CPU
		{0FE6F4DA-C8E8-4AAC-9A26-5F8AF435715D}.Release|Any CPU.Build.0 = Release|Any CPU
	EndGlobalSection
	GlobalSection(SolutionProperties) = preSolution
		HideSolutionNode = FALSE
	EndGlobalSection
EndGlobal
