
Microsoft Visual Studio Solution File, Format Version 12.00
# Visual Studio 2012
Project("{FAE04EC0-301F-11D3-BF4B-00C04F79EFBC}") = "Pattern I", "Pattern I.csproj", "{0ADD820F-5AF5-4ACD-8A9B-0E72E356B9F6}"
EndProject
Global
	GlobalSection(SolutionConfigurationPlatforms) = preSolution
		Debug|Any CPU = Debug|Any CPU
		Release|Any CPU = Release|Any CPU
	EndGlobalSection
	GlobalSection(ProjectConfigurationPlatforms) = postSolution
		{0ADD820F-5AF5-4ACD-8A9B-0E72E356B9F6}.Debug|Any CPU.ActiveCfg = Debug|Any CPU
		{0ADD820F-5AF5-4ACD-8A9B-0E72E356B9F6}.Debug|Any CPU.Build.0 = Debug|Any CPU
		{0ADD820F-5AF5-4ACD-8A9B-0E72E356B9F6}.Release|Any CPU.ActiveCfg = Release|Any CPU
		{0ADD820F-5AF5-4ACD-8A9B-0E72E356B9F6}.Release|Any CPU.Build.0 = Release|Any CPU
	EndGlobalSection
	GlobalSection(SolutionProperties) = preSolution
		HideSolutionNode = FALSE
	EndGlobalSection
EndGlobal
