
Microsoft Visual Studio Solution File, Format Version 12.00
# Visual Studio 2012
Project("{FAE04EC0-301F-11D3-BF4B-00C04F79EFBC}") = "Pattern Practice 2", "Pattern Practice 2.csproj", "{FDDF2BD0-E655-49FB-B3B5-942E4F54CBC7}"
EndProject
Global
	GlobalSection(SolutionConfigurationPlatforms) = preSolution
		Debug|Any CPU = Debug|Any CPU
		Release|Any CPU = Release|Any CPU
	EndGlobalSection
	GlobalSection(ProjectConfigurationPlatforms) = postSolution
		{FDDF2BD0-E655-49FB-B3B5-942E4F54CBC7}.Debug|Any CPU.ActiveCfg = Debug|Any CPU
		{FDDF2BD0-E655-49FB-B3B5-942E4F54CBC7}.Debug|Any CPU.Build.0 = Debug|Any CPU
		{FDDF2BD0-E655-49FB-B3B5-942E4F54CBC7}.Release|Any CPU.ActiveCfg = Release|Any CPU
		{FDDF2BD0-E655-49FB-B3B5-942E4F54CBC7}.Release|Any CPU.Build.0 = Release|Any CPU
	EndGlobalSection
	GlobalSection(SolutionProperties) = preSolution
		HideSolutionNode = FALSE
	EndGlobalSection
EndGlobal
